
Microsoft Visual Studio Solution File, Format Version 12.00
# Visual Studio Version 16
VisualStudioVersion = 16.0.31624.102
MinimumVisualStudioVersion = 10.0.40219.1
Project("{FAE04EC0-301F-11D3-BF4B-00C04F79EFBC}") = "ADO_P201", "ADO_P201\ADO_P201.csproj", "{64C104DE-261D-4DDC-BD9E-05FB6068AB8D}"
EndProject
Global
	GlobalSection(SolutionConfigurationPlatforms) = preSolution
		Debug|Any CPU = Debug|Any CPU
		Release|Any CPU = Release|Any CPU
	EndGlobalSection
	GlobalSection(ProjectConfigurationPlatforms) = postSolution
		{64C104DE-261D-4DDC-BD9E-05FB6068AB8D}.Debug|Any CPU.ActiveCfg = Debug|Any CPU
		{64C104DE-261D-4DDC-BD9E-05FB6068AB8D}.Debug|Any CPU.Build.0 = Debug|Any CPU
		{64C104DE-261D-4DDC-BD9E-05FB6068AB8D}.Release|Any CPU.ActiveCfg = Release|Any CPU
		{64C104DE-261D-4DDC-BD9E-05FB6068AB8D}.Release|Any CPU.Build.0 = Release|Any CPU
	EndGlobalSection
	GlobalSection(SolutionProperties) = preSolution
		HideSolutionNode = FALSE
	EndGlobalSection
	GlobalSection(ExtensibilityGlobals) = postSolution
		SolutionGuid = {649C3EF8-A63A-47C1-98D7-89172E8BC57A}
	EndGlobalSection
EndGlobal
